
Microsoft Visual Studio Solution File, Format Version 12.00
# Visual Studio Version 17
VisualStudioVersion = 17.9.34728.123
MinimumVisualStudioVersion = 10.0.40219.1
Project("{9A19103F-16F7-4668-BE54-9A1E7A4F7556}") = "Requests_App", "Requests_App\Requests_App.csproj", "{CE707D4B-CFB0-4427-A81D-FA7BE1DCAFD8}"
EndProject
Project("{FAE04EC0-301F-11D3-BF4B-00C04F79EFBC}") = "Requests_App.UnitTests", "Requests_App.UnitTests\Requests_App.UnitTests.csproj", "{26D92052-78D8-4DA1-AD3A-AE852764E30D}"
EndProject
Global
	GlobalSection(SolutionConfigurationPlatforms) = preSolution
		Debug|Any CPU = Debug|Any CPU
		Release|Any CPU = Release|Any CPU
	EndGlobalSection
	GlobalSection(ProjectConfigurationPlatforms) = postSolution
		{CE707D4B-CFB0-4427-A81D-FA7BE1DCAFD8}.Debug|Any CPU.ActiveCfg = Debug|Any CPU
		{CE707D4B-CFB0-4427-A81D-FA7BE1DCAFD8}.Debug|Any CPU.Build.0 = Debug|Any CPU
		{CE707D4B-CFB0-4427-A81D-FA7BE1DCAFD8}.Release|Any CPU.ActiveCfg = Release|Any CPU
		{CE707D4B-CFB0-4427-A81D-FA7BE1DCAFD8}.Release|Any CPU.Build.0 = Release|Any CPU
		{26D92052-78D8-4DA1-AD3A-AE852764E30D}.Debug|Any CPU.ActiveCfg = Debug|Any CPU
		{26D92052-78D8-4DA1-AD3A-AE852764E30D}.Debug|Any CPU.Build.0 = Debug|Any CPU
		{26D92052-78D8-4DA1-AD3A-AE852764E30D}.Release|Any CPU.ActiveCfg = Release|Any CPU
		{26D92052-78D8-4DA1-AD3A-AE852764E30D}.Release|Any CPU.Build.0 = Release|Any CPU
	EndGlobalSection
	GlobalSection(SolutionProperties) = preSolution
		HideSolutionNode = FALSE
	EndGlobalSection
	GlobalSection(ExtensibilityGlobals) = postSolution
		SolutionGuid = {231B1389-57B0-4419-8F77-3ECC32554440}
	EndGlobalSection
EndGlobal
